
Microsoft Visual Studio Solution File, Format Version 12.00
# Visual Studio Version 17
VisualStudioVersion = 17.4.33213.308
MinimumVisualStudioVersion = 10.0.40219.1
Project("{2150E333-8FDC-42A3-9474-1A3956D46DE8}") = "Services", "Services", "{1365815E-3DDD-4AEE-976E-FF456C45A868}"
EndProject
Project("{2150E333-8FDC-42A3-9474-1A3956D46DE8}") = "Directory", "Directory", "{753885F0-9C5F-4FB3-8A08-F02F433F2115}"
EndProject
Project("{2150E333-8FDC-42A3-9474-1A3956D46DE8}") = "Shared", "Shared", "{2A565BFF-5F23-4380-A882-78571BDC832A}"
EndProject
Project("{9A19103F-16F7-4668-BE54-9A1E7A4F7556}") = "Directory.Business", "Services\Directory\Directory.Business\Directory.Business.csproj", "{C116F37F-22A6-4C4E-9F94-9BF8CFFA65FA}"
EndProject
Project("{2150E333-8FDC-42A3-9474-1A3956D46DE8}") = "Report", "Report", "{65EBD4B2-B8BC-45DD-B336-678CDB8D9160}"
EndProject
Project("{9A19103F-16F7-4668-BE54-9A1E7A4F7556}") = "Directory.Entities", "Services\Directory\Directory.Entities\Directory.Entities.csproj", "{6D6F580E-8428-4C69-86AB-4F58883AB41C}"
EndProject
Project("{9A19103F-16F7-4668-BE54-9A1E7A4F7556}") = "Report.api", "Services\Report\Report.api\Report.api.csproj", "{8B3B249D-EAC9-4B87-A2FB-7F5277C8B415}"
EndProject
Project("{9A19103F-16F7-4668-BE54-9A1E7A4F7556}") = "Report.Entities", "Services\Report\Report.Entities\Report.Entities.csproj", "{7B2D347E-31B6-4E15-B1E8-A355C26D86C5}"
EndProject
Project("{9A19103F-16F7-4668-BE54-9A1E7A4F7556}") = "Core", "Shared\Core\Core.csproj", "{F37B2233-54B0-4891-AE7A-572279C8A3F7}"
EndProject
Project("{9A19103F-16F7-4668-BE54-9A1E7A4F7556}") = "Directory.Api", "Services\Directory\Directory.Api\Directory.Api.csproj", "{559E7FEC-AD85-4D4E-A8A0-B3CF53D71717}"
EndProject
Project("{9A19103F-16F7-4668-BE54-9A1E7A4F7556}") = "Report.Business", "Services\Report\Report.Business\Report.Business.csproj", "{6E16809C-909E-4D36-AF26-E45F2858475E}"
EndProject
Project("{2150E333-8FDC-42A3-9474-1A3956D46DE8}") = "Identity", "Identity", "{67BBA1B7-09A4-4AAF-A3FD-447EEE1C73F4}"
EndProject
Project("{9A19103F-16F7-4668-BE54-9A1E7A4F7556}") = "Identity.api", "Identity\Identity.api\Identity.api.csproj", "{BF0D9F0F-E960-47CE-BC4D-4114FFCFDFD9}"
EndProject
Project("{2150E333-8FDC-42A3-9474-1A3956D46DE8}") = "Consumer", "Consumer", "{0403468B-D901-4527-83A2-38A3DE7DF16B}"
EndProject
Project("{9A19103F-16F7-4668-BE54-9A1E7A4F7556}") = "Consumer.Services", "Consumer\Consumer.Services\Consumer.Services.csproj", "{99F4706B-9FF7-405A-9AFC-0A37B52D933C}"
EndProject
Project("{2150E333-8FDC-42A3-9474-1A3956D46DE8}") = "Gateway", "Gateway", "{9FB83D97-5676-4450-9D63-B35323A5E1DE}"
EndProject
Project("{9A19103F-16F7-4668-BE54-9A1E7A4F7556}") = "Gateway.Api", "Gateway\Gateway.Api\Gateway.Api.csproj", "{43E211B2-C1F3-49B1-A3CF-A8E15C70CC5C}"
EndProject
Project("{FAE04EC0-301F-11D3-BF4B-00C04F79EFBC}") = "Report.api.Test", "Services\Report\Report.api.Test\Report.api.Test.csproj", "{FCC62565-164E-4F41-A65B-3FBCC2ED7B99}"
EndProject
Project("{FAE04EC0-301F-11D3-BF4B-00C04F79EFBC}") = "Directory.Api.Test", "Services\Directory\Directory.Api.Test\Directory.Api.Test.csproj", "{D0CA99A4-01B4-40AB-B382-C29A9A3081C4}"
EndProject
Project("{FAE04EC0-301F-11D3-BF4B-00C04F79EFBC}") = "Identity.Test", "Identity\Identity.Test\Identity.Test.csproj", "{E2D9092C-6B1A-48D1-BEFC-E83C999479C7}"
EndProject
Global
	GlobalSection(SolutionConfigurationPlatforms) = preSolution
		Debug|Any CPU = Debug|Any CPU
		Release|Any CPU = Release|Any CPU
	EndGlobalSection
	GlobalSection(ProjectConfigurationPlatforms) = postSolution
		{C116F37F-22A6-4C4E-9F94-9BF8CFFA65FA}.Debug|Any CPU.ActiveCfg = Debug|Any CPU
		{C116F37F-22A6-4C4E-9F94-9BF8CFFA65FA}.Debug|Any CPU.Build.0 = Debug|Any CPU
		{C116F37F-22A6-4C4E-9F94-9BF8CFFA65FA}.Release|Any CPU.ActiveCfg = Release|Any CPU
		{C116F37F-22A6-4C4E-9F94-9BF8CFFA65FA}.Release|Any CPU.Build.0 = Release|Any CPU
		{6D6F580E-8428-4C69-86AB-4F58883AB41C}.Debug|Any CPU.ActiveCfg = Debug|Any CPU
		{6D6F580E-8428-4C69-86AB-4F58883AB41C}.Debug|Any CPU.Build.0 = Debug|Any CPU
		{6D6F580E-8428-4C69-86AB-4F58883AB41C}.Release|Any CPU.ActiveCfg = Release|Any CPU
		{6D6F580E-8428-4C69-86AB-4F58883AB41C}.Release|Any CPU.Build.0 = Release|Any CPU
		{8B3B249D-EAC9-4B87-A2FB-7F5277C8B415}.Debug|Any CPU.ActiveCfg = Debug|Any CPU
		{8B3B249D-EAC9-4B87-A2FB-7F5277C8B415}.Debug|Any CPU.Build.0 = Debug|Any CPU
		{8B3B249D-EAC9-4B87-A2FB-7F5277C8B415}.Release|Any CPU.ActiveCfg = Release|Any CPU
		{8B3B249D-EAC9-4B87-A2FB-7F5277C8B415}.Release|Any CPU.Build.0 = Release|Any CPU
		{7B2D347E-31B6-4E15-B1E8-A355C26D86C5}.Debug|Any CPU.ActiveCfg = Debug|Any CPU
		{7B2D347E-31B6-4E15-B1E8-A355C26D86C5}.Debug|Any CPU.Build.0 = Debug|Any CPU
		{7B2D347E-31B6-4E15-B1E8-A355C26D86C5}.Release|Any CPU.ActiveCfg = Release|Any CPU
		{7B2D347E-31B6-4E15-B1E8-A355C26D86C5}.Release|Any CPU.Build.0 = Release|Any CPU
		{F37B2233-54B0-4891-AE7A-572279C8A3F7}.Debug|Any CPU.ActiveCfg = Debug|Any CPU
		{F37B2233-54B0-4891-AE7A-572279C8A3F7}.Debug|Any CPU.Build.0 = Debug|Any CPU
		{F37B2233-54B0-4891-AE7A-572279C8A3F7}.Release|Any CPU.ActiveCfg = Release|Any CPU
		{F37B2233-54B0-4891-AE7A-572279C8A3F7}.Release|Any CPU.Build.0 = Release|Any CPU
		{559E7FEC-AD85-4D4E-A8A0-B3CF53D71717}.Debug|Any CPU.ActiveCfg = Debug|Any CPU
		{559E7FEC-AD85-4D4E-A8A0-B3CF53D71717}.Debug|Any CPU.Build.0 = Debug|Any CPU
		{559E7FEC-AD85-4D4E-A8A0-B3CF53D71717}.Release|Any CPU.ActiveCfg = Release|Any CPU
		{559E7FEC-AD85-4D4E-A8A0-B3CF53D71717}.Release|Any CPU.Build.0 = Release|Any CPU
		{6E16809C-909E-4D36-AF26-E45F2858475E}.Debug|Any CPU.ActiveCfg = Debug|Any CPU
		{6E16809C-909E-4D36-AF26-E45F2858475E}.Debug|Any CPU.Build.0 = Debug|Any CPU
		{6E16809C-909E-4D36-AF26-E45F2858475E}.Release|Any CPU.ActiveCfg = Release|Any CPU
		{6E16809C-909E-4D36-AF26-E45F2858475E}.Release|Any CPU.Build.0 = Release|Any CPU
		{BF0D9F0F-E960-47CE-BC4D-4114FFCFDFD9}.Debug|Any CPU.ActiveCfg = Debug|Any CPU
		{BF0D9F0F-E960-47CE-BC4D-4114FFCFDFD9}.Debug|Any CPU.Build.0 = Debug|Any CPU
		{BF0D9F0F-E960-47CE-BC4D-4114FFCFDFD9}.Release|Any CPU.ActiveCfg = Release|Any CPU
		{BF0D9F0F-E960-47CE-BC4D-4114FFCFDFD9}.Release|Any CPU.Build.0 = Release|Any CPU
		{99F4706B-9FF7-405A-9AFC-0A37B52D933C}.Debug|Any CPU.ActiveCfg = Debug|Any CPU
		{99F4706B-9FF7-405A-9AFC-0A37B52D933C}.Debug|Any CPU.Build.0 = Debug|Any CPU
		{99F4706B-9FF7-405A-9AFC-0A37B52D933C}.Release|Any CPU.ActiveCfg = Release|Any CPU
		{99F4706B-9FF7-405A-9AFC-0A37B52D933C}.Release|Any CPU.Build.0 = Release|Any CPU
		{43E211B2-C1F3-49B1-A3CF-A8E15C70CC5C}.Debug|Any CPU.ActiveCfg = Debug|Any CPU
		{43E211B2-C1F3-49B1-A3CF-A8E15C70CC5C}.Debug|Any CPU.Build.0 = Debug|Any CPU
		{43E211B2-C1F3-49B1-A3CF-A8E15C70CC5C}.Release|Any CPU.ActiveCfg = Release|Any CPU
		{43E211B2-C1F3-49B1-A3CF-A8E15C70CC5C}.Release|Any CPU.Build.0 = Release|Any CPU
		{FCC62565-164E-4F41-A65B-3FBCC2ED7B99}.Debug|Any CPU.ActiveCfg = Debug|Any CPU
		{FCC62565-164E-4F41-A65B-3FBCC2ED7B99}.Debug|Any CPU.Build.0 = Debug|Any CPU
		{FCC62565-164E-4F41-A65B-3FBCC2ED7B99}.Release|Any CPU.ActiveCfg = Release|Any CPU
		{FCC62565-164E-4F41-A65B-3FBCC2ED7B99}.Release|Any CPU.Build.0 = Release|Any CPU
		{D0CA99A4-01B4-40AB-B382-C29A9A3081C4}.Debug|Any CPU.ActiveCfg = Debug|Any CPU
		{D0CA99A4-01B4-40AB-B382-C29A9A3081C4}.Debug|Any CPU.Build.0 = Debug|Any CPU
		{D0CA99A4-01B4-40AB-B382-C29A9A3081C4}.Release|Any CPU.ActiveCfg = Release|Any CPU
		{D0CA99A4-01B4-40AB-B382-C29A9A3081C4}.Release|Any CPU.Build.0 = Release|Any CPU
		{E2D9092C-6B1A-48D1-BEFC-E83C999479C7}.Debug|Any CPU.ActiveCfg = Debug|Any CPU
		{E2D9092C-6B1A-48D1-BEFC-E83C999479C7}.Debug|Any CPU.Build.0 = Debug|Any CPU
		{E2D9092C-6B1A-48D1-BEFC-E83C999479C7}.Release|Any CPU.ActiveCfg = Release|Any CPU
		{E2D9092C-6B1A-48D1-BEFC-E83C999479C7}.Release|Any CPU.Build.0 = Release|Any CPU
	EndGlobalSection
	GlobalSection(SolutionProperties) = preSolution
		HideSolutionNode = FALSE
	EndGlobalSection
	GlobalSection(NestedProjects) = preSolution
		{753885F0-9C5F-4FB3-8A08-F02F433F2115} = {1365815E-3DDD-4AEE-976E-FF456C45A868}
		{C116F37F-22A6-4C4E-9F94-9BF8CFFA65FA} = {753885F0-9C5F-4FB3-8A08-F02F433F2115}
		{65EBD4B2-B8BC-45DD-B336-678CDB8D9160} = {1365815E-3DDD-4AEE-976E-FF456C45A868}
		{6D6F580E-8428-4C69-86AB-4F58883AB41C} = {753885F0-9C5F-4FB3-8A08-F02F433F2115}
		{8B3B249D-EAC9-4B87-A2FB-7F5277C8B415} = {65EBD4B2-B8BC-45DD-B336-678CDB8D9160}
		{7B2D347E-31B6-4E15-B1E8-A355C26D86C5} = {65EBD4B2-B8BC-45DD-B336-678CDB8D9160}
		{F37B2233-54B0-4891-AE7A-572279C8A3F7} = {2A565BFF-5F23-4380-A882-78571BDC832A}
		{559E7FEC-AD85-4D4E-A8A0-B3CF53D71717} = {753885F0-9C5F-4FB3-8A08-F02F433F2115}
		{6E16809C-909E-4D36-AF26-E45F2858475E} = {65EBD4B2-B8BC-45DD-B336-678CDB8D9160}
		{67BBA1B7-09A4-4AAF-A3FD-447EEE1C73F4} = {1365815E-3DDD-4AEE-976E-FF456C45A868}
		{BF0D9F0F-E960-47CE-BC4D-4114FFCFDFD9} = {67BBA1B7-09A4-4AAF-A3FD-447EEE1C73F4}
		{0403468B-D901-4527-83A2-38A3DE7DF16B} = {1365815E-3DDD-4AEE-976E-FF456C45A868}
		{99F4706B-9FF7-405A-9AFC-0A37B52D933C} = {0403468B-D901-4527-83A2-38A3DE7DF16B}
		{43E211B2-C1F3-49B1-A3CF-A8E15C70CC5C} = {9FB83D97-5676-4450-9D63-B35323A5E1DE}
		{FCC62565-164E-4F41-A65B-3FBCC2ED7B99} = {65EBD4B2-B8BC-45DD-B336-678CDB8D9160}
		{D0CA99A4-01B4-40AB-B382-C29A9A3081C4} = {753885F0-9C5F-4FB3-8A08-F02F433F2115}
		{E2D9092C-6B1A-48D1-BEFC-E83C999479C7} = {67BBA1B7-09A4-4AAF-A3FD-447EEE1C73F4}
	EndGlobalSection
	GlobalSection(ExtensibilityGlobals) = postSolution
		SolutionGuid = {2FBEE1E3-C2D1-48CE-A144-DCFFEA9FAA95}
	EndGlobalSection
EndGlobal
